
Microsoft Visual Studio Solution File, Format Version 12.00
# Visual Studio Version 16
VisualStudioVersion = 16.0.31112.23
MinimumVisualStudioVersion = 10.0.40219.1
Project("{9A19103F-16F7-4668-BE54-9A1E7A4F7556}") = "Business", "Business\Business.csproj", "{375B8907-3B82-46F6-A818-D4F8C48DF2F1}"
EndProject
Project("{9A19103F-16F7-4668-BE54-9A1E7A4F7556}") = "Core", "Core\Core.csproj", "{A78E9097-6700-4A80-AAC2-4E1C9877828C}"
EndProject
Project("{9A19103F-16F7-4668-BE54-9A1E7A4F7556}") = "DataAccess", "DataAccess\DataAccess.csproj", "{2359BD6D-7476-41D9-A737-1A4AC26B894E}"
EndProject
Project("{9A19103F-16F7-4668-BE54-9A1E7A4F7556}") = "Entities", "Entities\Entities.csproj", "{99EB95E2-D2BA-4771-B71A-C61C9B2D99F2}"
EndProject
Project("{FAE04EC0-301F-11D3-BF4B-00C04F79EFBC}") = "WebAPI", "WebAPI\WebAPI.csproj", "{2116DC20-A8F2-46E1-8CB5-905B7D970238}"
EndProject
Global
	GlobalSection(SolutionConfigurationPlatforms) = preSolution
		Debug|Any CPU = Debug|Any CPU
		Release|Any CPU = Release|Any CPU
	EndGlobalSection
	GlobalSection(ProjectConfigurationPlatforms) = postSolution
		{375B8907-3B82-46F6-A818-D4F8C48DF2F1}.Debug|Any CPU.ActiveCfg = Debug|Any CPU
		{375B8907-3B82-46F6-A818-D4F8C48DF2F1}.Debug|Any CPU.Build.0 = Debug|Any CPU
		{375B8907-3B82-46F6-A818-D4F8C48DF2F1}.Release|Any CPU.ActiveCfg = Release|Any CPU
		{375B8907-3B82-46F6-A818-D4F8C48DF2F1}.Release|Any CPU.Build.0 = Release|Any CPU
		{A78E9097-6700-4A80-AAC2-4E1C9877828C}.Debug|Any CPU.ActiveCfg = Debug|Any CPU
		{A78E9097-6700-4A80-AAC2-4E1C9877828C}.Debug|Any CPU.Build.0 = Debug|Any CPU
		{A78E9097-6700-4A80-AAC2-4E1C9877828C}.Release|Any CPU.ActiveCfg = Release|Any CPU
		{A78E9097-6700-4A80-AAC2-4E1C9877828C}.Release|Any CPU.Build.0 = Release|Any CPU
		{2359BD6D-7476-41D9-A737-1A4AC26B894E}.Debug|Any CPU.ActiveCfg = Debug|Any CPU
		{2359BD6D-7476-41D9-A737-1A4AC26B894E}.Debug|Any CPU.Build.0 = Debug|Any CPU
		{2359BD6D-7476-41D9-A737-1A4AC26B894E}.Release|Any CPU.ActiveCfg = Release|Any CPU
		{2359BD6D-7476-41D9-A737-1A4AC26B894E}.Release|Any CPU.Build.0 = Release|Any CPU
		{99EB95E2-D2BA-4771-B71A-C61C9B2D99F2}.Debug|Any CPU.ActiveCfg = Debug|Any CPU
		{99EB95E2-D2BA-4771-B71A-C61C9B2D99F2}.Debug|Any CPU.Build.0 = Debug|Any CPU
		{99EB95E2-D2BA-4771-B71A-C61C9B2D99F2}.Release|Any CPU.ActiveCfg = Release|Any CPU
		{99EB95E2-D2BA-4771-B71A-C61C9B2D99F2}.Release|Any CPU.Build.0 = Release|Any CPU
		{2116DC20-A8F2-46E1-8CB5-905B7D970238}.Debug|Any CPU.ActiveCfg = Debug|Any CPU
		{2116DC20-A8F2-46E1-8CB5-905B7D970238}.Debug|Any CPU.Build.0 = Debug|Any CPU
		{2116DC20-A8F2-46E1-8CB5-905B7D970238}.Release|Any CPU.ActiveCfg = Release|Any CPU
		{2116DC20-A8F2-46E1-8CB5-905B7D970238}.Release|Any CPU.Build.0 = Release|Any CPU
	EndGlobalSection
	GlobalSection(SolutionProperties) = preSolution
		HideSolutionNode = FALSE
	EndGlobalSection
	GlobalSection(ExtensibilityGlobals) = postSolution
		SolutionGuid = {13FAA1E4-BB2D-4B6B-BB58-99F5AB784EAE}
	EndGlobalSection
EndGlobal
